
Microsoft Visual Studio Solution File, Format Version 12.00
# Visual Studio Version 17
VisualStudioVersion = 17.9.34622.214
MinimumVisualStudioVersion = 10.0.40219.1
Project("{9A19103F-16F7-4668-BE54-9A1E7A4F7556}") = "fi_u2_lib", "library\fi_u2_lib.csproj", "{39CC10D0-F617-41C0-8ACB-A1B5C23FB516}"
EndProject
Project("{9A19103F-16F7-4668-BE54-9A1E7A4F7556}") = "submission", "submission\submission.csproj", "{8BD94B30-23DF-4ABC-BABA-39AA6C935BA4}"
EndProject
Project("{9A19103F-16F7-4668-BE54-9A1E7A4F7556}") = "fi_u2_tests", "tests\fi_u2_tests.csproj", "{2466927E-CA5E-477E-A701-695804295FEE}"
EndProject
Global
	GlobalSection(SolutionConfigurationPlatforms) = preSolution
		Debug|Any CPU = Debug|Any CPU
		Release|Any CPU = Release|Any CPU
	EndGlobalSection
	GlobalSection(ProjectConfigurationPlatforms) = postSolution
		{39CC10D0-F617-41C0-8ACB-A1B5C23FB516}.Debug|Any CPU.ActiveCfg = Debug|Any CPU
		{39CC10D0-F617-41C0-8ACB-A1B5C23FB516}.Debug|Any CPU.Build.0 = Debug|Any CPU
		{39CC10D0-F617-41C0-8ACB-A1B5C23FB516}.Release|Any CPU.ActiveCfg = Release|Any CPU
		{39CC10D0-F617-41C0-8ACB-A1B5C23FB516}.Release|Any CPU.Build.0 = Release|Any CPU
		{8BD94B30-23DF-4ABC-BABA-39AA6C935BA4}.Debug|Any CPU.ActiveCfg = Debug|Any CPU
		{8BD94B30-23DF-4ABC-BABA-39AA6C935BA4}.Debug|Any CPU.Build.0 = Debug|Any CPU
		{8BD94B30-23DF-4ABC-BABA-39AA6C935BA4}.Release|Any CPU.ActiveCfg = Release|Any CPU
		{8BD94B30-23DF-4ABC-BABA-39AA6C935BA4}.Release|Any CPU.Build.0 = Release|Any CPU
		{2466927E-CA5E-477E-A701-695804295FEE}.Debug|Any CPU.ActiveCfg = Debug|Any CPU
		{2466927E-CA5E-477E-A701-695804295FEE}.Debug|Any CPU.Build.0 = Debug|Any CPU
		{2466927E-CA5E-477E-A701-695804295FEE}.Release|Any CPU.ActiveCfg = Release|Any CPU
		{2466927E-CA5E-477E-A701-695804295FEE}.Release|Any CPU.Build.0 = Release|Any CPU
	EndGlobalSection
	GlobalSection(SolutionProperties) = preSolution
		HideSolutionNode = FALSE
	EndGlobalSection
	GlobalSection(ExtensibilityGlobals) = postSolution
		SolutionGuid = {2DEC0FB5-5280-4022-AC10-CBC4DB3F1F9E}
	EndGlobalSection
EndGlobal
